
Microsoft Visual Studio Solution File, Format Version 12.00
# Visual Studio Version 16
VisualStudioVersion = 16.0.32228.343
MinimumVisualStudioVersion = 10.0.40219.1
Project("{FAE04EC0-301F-11D3-BF4B-00C04F79EFBC}") = "PABD_CreateTable", "PABD_CreateTable\PABD_CreateTable.csproj", "{ADE334E2-14FF-435B-9C5F-88996B35DB48}"
EndProject
Global
	GlobalSection(SolutionConfigurationPlatforms) = preSolution
		Debug|Any CPU = Debug|Any CPU
		Release|Any CPU = Release|Any CPU
	EndGlobalSection
	GlobalSection(ProjectConfigurationPlatforms) = postSolution
		{ADE334E2-14FF-435B-9C5F-88996B35DB48}.Debug|Any CPU.ActiveCfg = Debug|Any CPU
		{ADE334E2-14FF-435B-9C5F-88996B35DB48}.Debug|Any CPU.Build.0 = Debug|Any CPU
		{ADE334E2-14FF-435B-9C5F-88996B35DB48}.Release|Any CPU.ActiveCfg = Release|Any CPU
		{ADE334E2-14FF-435B-9C5F-88996B35DB48}.Release|Any CPU.Build.0 = Release|Any CPU
	EndGlobalSection
	GlobalSection(SolutionProperties) = preSolution
		HideSolutionNode = FALSE
	EndGlobalSection
	GlobalSection(ExtensibilityGlobals) = postSolution
		SolutionGuid = {40A1CA0A-9201-4E33-BFEB-3B2FF6D48195}
	EndGlobalSection
EndGlobal
